
Microsoft Visual Studio Solution File, Format Version 12.00
# Visual Studio Version 16
VisualStudioVersion = 16.0.30413.136
MinimumVisualStudioVersion = 10.0.40219.1
Project("{FAE04EC0-301F-11D3-BF4B-00C04F79EFBC}") = "CaesarCipher", "CaesarCipher\CaesarCipher.csproj", "{DBF614E8-618B-4652-8AB9-0E31303A5689}"
EndProject
Project("{FAE04EC0-301F-11D3-BF4B-00C04F79EFBC}") = "CaesarCipher.Tests", "CaesarCipher.Tests\CaesarCipher.Tests.csproj", "{F017D5F9-33DE-4608-87B2-D15F2654C0D2}"
EndProject
Global
	GlobalSection(SolutionConfigurationPlatforms) = preSolution
		Debug|Any CPU = Debug|Any CPU
		Release|Any CPU = Release|Any CPU
	EndGlobalSection
	GlobalSection(ProjectConfigurationPlatforms) = postSolution
		{DBF614E8-618B-4652-8AB9-0E31303A5689}.Debug|Any CPU.ActiveCfg = Debug|Any CPU
		{DBF614E8-618B-4652-8AB9-0E31303A5689}.Debug|Any CPU.Build.0 = Debug|Any CPU
		{DBF614E8-618B-4652-8AB9-0E31303A5689}.Release|Any CPU.ActiveCfg = Release|Any CPU
		{DBF614E8-618B-4652-8AB9-0E31303A5689}.Release|Any CPU.Build.0 = Release|Any CPU
		{F017D5F9-33DE-4608-87B2-D15F2654C0D2}.Debug|Any CPU.ActiveCfg = Debug|Any CPU
		{F017D5F9-33DE-4608-87B2-D15F2654C0D2}.Debug|Any CPU.Build.0 = Debug|Any CPU
		{F017D5F9-33DE-4608-87B2-D15F2654C0D2}.Release|Any CPU.ActiveCfg = Release|Any CPU
		{F017D5F9-33DE-4608-87B2-D15F2654C0D2}.Release|Any CPU.Build.0 = Release|Any CPU
	EndGlobalSection
	GlobalSection(SolutionProperties) = preSolution
		HideSolutionNode = FALSE
	EndGlobalSection
	GlobalSection(ExtensibilityGlobals) = postSolution
		SolutionGuid = {651AC726-272B-457A-9D61-F21A544DE80C}
	EndGlobalSection
EndGlobal
